
Microsoft Visual Studio Solution File, Format Version 12.00
# Visual Studio Version 17
VisualStudioVersion = 17.8.34330.188
MinimumVisualStudioVersion = 10.0.40219.1
Project("{FAE04EC0-301F-11D3-BF4B-00C04F79EFBC}") = "LibraryAPI", "LibraryAPI\LibraryAPI.csproj", "{3C45918A-2155-45A6-831F-0DF7E6093A3B}"
EndProject
Project("{FAE04EC0-301F-11D3-BF4B-00C04F79EFBC}") = "BusinessAccessLayer", "BusinessAccessLayer\BusinessAccessLayer.csproj", "{73612A2E-3BCB-4F66-B344-EE2641EFDA35}"
EndProject
Project("{FAE04EC0-301F-11D3-BF4B-00C04F79EFBC}") = "DataAccessLayer", "DataAccessLayer\DataAccessLayer.csproj", "{B85409C5-03C7-48DC-880A-FEE55883FEDB}"
EndProject
Project("{FAE04EC0-301F-11D3-BF4B-00C04F79EFBC}") = "LibraryAPI.Common", "LibraryAPI.Common\LibraryAPI.Common.csproj", "{845DA012-B058-45F4-9562-9E421D360B33}"
EndProject
Global
	GlobalSection(SolutionConfigurationPlatforms) = preSolution
		Debug|Any CPU = Debug|Any CPU
		Release|Any CPU = Release|Any CPU
	EndGlobalSection
	GlobalSection(ProjectConfigurationPlatforms) = postSolution
		{3C45918A-2155-45A6-831F-0DF7E6093A3B}.Debug|Any CPU.ActiveCfg = Debug|Any CPU
		{3C45918A-2155-45A6-831F-0DF7E6093A3B}.Debug|Any CPU.Build.0 = Debug|Any CPU
		{3C45918A-2155-45A6-831F-0DF7E6093A3B}.Release|Any CPU.ActiveCfg = Release|Any CPU
		{3C45918A-2155-45A6-831F-0DF7E6093A3B}.Release|Any CPU.Build.0 = Release|Any CPU
		{73612A2E-3BCB-4F66-B344-EE2641EFDA35}.Debug|Any CPU.ActiveCfg = Debug|Any CPU
		{73612A2E-3BCB-4F66-B344-EE2641EFDA35}.Debug|Any CPU.Build.0 = Debug|Any CPU
		{73612A2E-3BCB-4F66-B344-EE2641EFDA35}.Release|Any CPU.ActiveCfg = Release|Any CPU
		{73612A2E-3BCB-4F66-B344-EE2641EFDA35}.Release|Any CPU.Build.0 = Release|Any CPU
		{B85409C5-03C7-48DC-880A-FEE55883FEDB}.Debug|Any CPU.ActiveCfg = Debug|Any CPU
		{B85409C5-03C7-48DC-880A-FEE55883FEDB}.Debug|Any CPU.Build.0 = Debug|Any CPU
		{B85409C5-03C7-48DC-880A-FEE55883FEDB}.Release|Any CPU.ActiveCfg = Release|Any CPU
		{B85409C5-03C7-48DC-880A-FEE55883FEDB}.Release|Any CPU.Build.0 = Release|Any CPU
		{845DA012-B058-45F4-9562-9E421D360B33}.Debug|Any CPU.ActiveCfg = Debug|Any CPU
		{845DA012-B058-45F4-9562-9E421D360B33}.Debug|Any CPU.Build.0 = Debug|Any CPU
		{845DA012-B058-45F4-9562-9E421D360B33}.Release|Any CPU.ActiveCfg = Release|Any CPU
		{845DA012-B058-45F4-9562-9E421D360B33}.Release|Any CPU.Build.0 = Release|Any CPU
	EndGlobalSection
	GlobalSection(SolutionProperties) = preSolution
		HideSolutionNode = FALSE
	EndGlobalSection
	GlobalSection(ExtensibilityGlobals) = postSolution
		SolutionGuid = {83A1B0A2-5DA0-4550-BF2C-7787FB89B269}
	EndGlobalSection
EndGlobal
